
Microsoft Visual Studio Solution File, Format Version 12.00
# Visual Studio 14
VisualStudioVersion = 14.0.25420.1
MinimumVisualStudioVersion = 10.0.40219.1
Project("{FAE04EC0-301F-11D3-BF4B-00C04F79EFBC}") = "testapplication", "testapplication\testapplication.csproj", "{5F2195B4-8740-4822-9473-160F923DC395}"
EndProject
Project("{FAE04EC0-301F-11D3-BF4B-00C04F79EFBC}") = "VO", "VO\VO.csproj", "{04105426-3A0C-4695-915E-DF2C87C789C7}"
EndProject
Project("{FAE04EC0-301F-11D3-BF4B-00C04F79EFBC}") = "ResponsableDAL", "ResponsableDAL\ResponsableDAL.csproj", "{400A9813-5C1B-4041-AF63-B48D69FD60B9}"
EndProject
Global
	GlobalSection(SolutionConfigurationPlatforms) = preSolution
		Debug|Any CPU = Debug|Any CPU
		Release|Any CPU = Release|Any CPU
	EndGlobalSection
	GlobalSection(ProjectConfigurationPlatforms) = postSolution
		{5F2195B4-8740-4822-9473-160F923DC395}.Debug|Any CPU.ActiveCfg = Debug|Any CPU
		{5F2195B4-8740-4822-9473-160F923DC395}.Debug|Any CPU.Build.0 = Debug|Any CPU
		{5F2195B4-8740-4822-9473-160F923DC395}.Release|Any CPU.ActiveCfg = Release|Any CPU
		{5F2195B4-8740-4822-9473-160F923DC395}.Release|Any CPU.Build.0 = Release|Any CPU
		{04105426-3A0C-4695-915E-DF2C87C789C7}.Debug|Any CPU.ActiveCfg = Debug|Any CPU
		{04105426-3A0C-4695-915E-DF2C87C789C7}.Debug|Any CPU.Build.0 = Debug|Any CPU
		{04105426-3A0C-4695-915E-DF2C87C789C7}.Release|Any CPU.ActiveCfg = Release|Any CPU
		{04105426-3A0C-4695-915E-DF2C87C789C7}.Release|Any CPU.Build.0 = Release|Any CPU
		{400A9813-5C1B-4041-AF63-B48D69FD60B9}.Debug|Any CPU.ActiveCfg = Debug|Any CPU
		{400A9813-5C1B-4041-AF63-B48D69FD60B9}.Debug|Any CPU.Build.0 = Debug|Any CPU
		{400A9813-5C1B-4041-AF63-B48D69FD60B9}.Release|Any CPU.ActiveCfg = Release|Any CPU
		{400A9813-5C1B-4041-AF63-B48D69FD60B9}.Release|Any CPU.Build.0 = Release|Any CPU
	EndGlobalSection
	GlobalSection(SolutionProperties) = preSolution
		HideSolutionNode = FALSE
	EndGlobalSection
EndGlobal
