
Microsoft Visual Studio Solution File, Format Version 12.00
# Visual Studio 14
VisualStudioVersion = 14.0.25420.1
MinimumVisualStudioVersion = 10.0.40219.1
Project("{FAE04EC0-301F-11D3-BF4B-00C04F79EFBC}") = "AppCar", "AppCar\AppCar.csproj", "{5D1AFE7E-D4E0-43BC-AE05-2D1F998B1A62}"
EndProject
Project("{FAE04EC0-301F-11D3-BF4B-00C04F79EFBC}") = "VO", "VO\VO.csproj", "{4C163071-2B29-4E92-831A-1F096ED6CA00}"
EndProject
Project("{FAE04EC0-301F-11D3-BF4B-00C04F79EFBC}") = "GestionPrison", "..\GestionPrison\GestionPrison\GestionPrison.csproj", "{3E9AB70B-E944-4BE7-B7A3-16FB1E0CF17D}"
EndProject
Project("{FAE04EC0-301F-11D3-BF4B-00C04F79EFBC}") = "PrieonDAL", "..\GestionPrison\PrieonDAL\PrieonDAL.csproj", "{44859DE2-7776-4345-B513-CEE7E381AF5A}"
EndProject
Project("{FAE04EC0-301F-11D3-BF4B-00C04F79EFBC}") = "CrimeDAL", "..\Gestion Crime\AppCar\CrimeDAL\CrimeDAL.csproj", "{FCFFC029-44C1-4495-991F-B3BA00A714AE}"
EndProject
Project("{FAE04EC0-301F-11D3-BF4B-00C04F79EFBC}") = "Gestioncrimes", "..\Gestion Crime\AppCar\Gestioncrimes\Gestioncrimes.csproj", "{C354BD57-DD76-4E08-B8BB-5D3B14B7A690}"
EndProject
Project("{FAE04EC0-301F-11D3-BF4B-00C04F79EFBC}") = "IndividuDAO", "..\Gestion individus\Individu\IndividuDAO\IndividuDAO.csproj", "{515E8D46-5162-44EB-9462-AC6DC78A663A}"
EndProject
Project("{FAE04EC0-301F-11D3-BF4B-00C04F79EFBC}") = "IndividuDAL", "..\Gestion individus\Individu\IndividuDAL\IndividuDAL.csproj", "{B583AE7D-ABE3-460E-92B2-CE2424CB6C0E}"
EndProject
Project("{FAE04EC0-301F-11D3-BF4B-00C04F79EFBC}") = "testapplication", "..\Gestion Responsable\testapplication\testapplication.csproj", "{5F2195B4-8740-4822-9473-160F923DC395}"
EndProject
Project("{FAE04EC0-301F-11D3-BF4B-00C04F79EFBC}") = "ResponsableDAL", "..\Gestion Responsable\ResponsableDAL\ResponsableDAL.csproj", "{400A9813-5C1B-4041-AF63-B48D69FD60B9}"
EndProject
Global
	GlobalSection(SolutionConfigurationPlatforms) = preSolution
		Debug|Any CPU = Debug|Any CPU
		Debug|x86 = Debug|x86
		Release|Any CPU = Release|Any CPU
		Release|x86 = Release|x86
	EndGlobalSection
	GlobalSection(ProjectConfigurationPlatforms) = postSolution
		{5D1AFE7E-D4E0-43BC-AE05-2D1F998B1A62}.Debug|Any CPU.ActiveCfg = Debug|Any CPU
		{5D1AFE7E-D4E0-43BC-AE05-2D1F998B1A62}.Debug|Any CPU.Build.0 = Debug|Any CPU
		{5D1AFE7E-D4E0-43BC-AE05-2D1F998B1A62}.Debug|x86.ActiveCfg = Debug|Any CPU
		{5D1AFE7E-D4E0-43BC-AE05-2D1F998B1A62}.Debug|x86.Build.0 = Debug|Any CPU
		{5D1AFE7E-D4E0-43BC-AE05-2D1F998B1A62}.Release|Any CPU.ActiveCfg = Release|Any CPU
		{5D1AFE7E-D4E0-43BC-AE05-2D1F998B1A62}.Release|Any CPU.Build.0 = Release|Any CPU
		{5D1AFE7E-D4E0-43BC-AE05-2D1F998B1A62}.Release|x86.ActiveCfg = Release|Any CPU
		{5D1AFE7E-D4E0-43BC-AE05-2D1F998B1A62}.Release|x86.Build.0 = Release|Any CPU
		{4C163071-2B29-4E92-831A-1F096ED6CA00}.Debug|Any CPU.ActiveCfg = Debug|Any CPU
		{4C163071-2B29-4E92-831A-1F096ED6CA00}.Debug|Any CPU.Build.0 = Debug|Any CPU
		{4C163071-2B29-4E92-831A-1F096ED6CA00}.Debug|x86.ActiveCfg = Debug|Any CPU
		{4C163071-2B29-4E92-831A-1F096ED6CA00}.Debug|x86.Build.0 = Debug|Any CPU
		{4C163071-2B29-4E92-831A-1F096ED6CA00}.Release|Any CPU.ActiveCfg = Release|Any CPU
		{4C163071-2B29-4E92-831A-1F096ED6CA00}.Release|Any CPU.Build.0 = Release|Any CPU
		{4C163071-2B29-4E92-831A-1F096ED6CA00}.Release|x86.ActiveCfg = Release|Any CPU
		{4C163071-2B29-4E92-831A-1F096ED6CA00}.Release|x86.Build.0 = Release|Any CPU
		{3E9AB70B-E944-4BE7-B7A3-16FB1E0CF17D}.Debug|Any CPU.ActiveCfg = Debug|Any CPU
		{3E9AB70B-E944-4BE7-B7A3-16FB1E0CF17D}.Debug|Any CPU.Build.0 = Debug|Any CPU
		{3E9AB70B-E944-4BE7-B7A3-16FB1E0CF17D}.Debug|x86.ActiveCfg = Debug|Any CPU
		{3E9AB70B-E944-4BE7-B7A3-16FB1E0CF17D}.Debug|x86.Build.0 = Debug|Any CPU
		{3E9AB70B-E944-4BE7-B7A3-16FB1E0CF17D}.Release|Any CPU.ActiveCfg = Release|Any CPU
		{3E9AB70B-E944-4BE7-B7A3-16FB1E0CF17D}.Release|Any CPU.Build.0 = Release|Any CPU
		{3E9AB70B-E944-4BE7-B7A3-16FB1E0CF17D}.Release|x86.ActiveCfg = Release|Any CPU
		{3E9AB70B-E944-4BE7-B7A3-16FB1E0CF17D}.Release|x86.Build.0 = Release|Any CPU
		{44859DE2-7776-4345-B513-CEE7E381AF5A}.Debug|Any CPU.ActiveCfg = Debug|Any CPU
		{44859DE2-7776-4345-B513-CEE7E381AF5A}.Debug|Any CPU.Build.0 = Debug|Any CPU
		{44859DE2-7776-4345-B513-CEE7E381AF5A}.Debug|x86.ActiveCfg = Debug|Any CPU
		{44859DE2-7776-4345-B513-CEE7E381AF5A}.Debug|x86.Build.0 = Debug|Any CPU
		{44859DE2-7776-4345-B513-CEE7E381AF5A}.Release|Any CPU.ActiveCfg = Release|Any CPU
		{44859DE2-7776-4345-B513-CEE7E381AF5A}.Release|Any CPU.Build.0 = Release|Any CPU
		{44859DE2-7776-4345-B513-CEE7E381AF5A}.Release|x86.ActiveCfg = Release|Any CPU
		{44859DE2-7776-4345-B513-CEE7E381AF5A}.Release|x86.Build.0 = Release|Any CPU
		{FCFFC029-44C1-4495-991F-B3BA00A714AE}.Debug|Any CPU.ActiveCfg = Debug|Any CPU
		{FCFFC029-44C1-4495-991F-B3BA00A714AE}.Debug|Any CPU.Build.0 = Debug|Any CPU
		{FCFFC029-44C1-4495-991F-B3BA00A714AE}.Debug|x86.ActiveCfg = Debug|Any CPU
		{FCFFC029-44C1-4495-991F-B3BA00A714AE}.Debug|x86.Build.0 = Debug|Any CPU
		{FCFFC029-44C1-4495-991F-B3BA00A714AE}.Release|Any CPU.ActiveCfg = Release|Any CPU
		{FCFFC029-44C1-4495-991F-B3BA00A714AE}.Release|Any CPU.Build.0 = Release|Any CPU
		{FCFFC029-44C1-4495-991F-B3BA00A714AE}.Release|x86.ActiveCfg = Release|Any CPU
		{FCFFC029-44C1-4495-991F-B3BA00A714AE}.Release|x86.Build.0 = Release|Any CPU
		{C354BD57-DD76-4E08-B8BB-5D3B14B7A690}.Debug|Any CPU.ActiveCfg = Debug|Any CPU
		{C354BD57-DD76-4E08-B8BB-5D3B14B7A690}.Debug|Any CPU.Build.0 = Debug|Any CPU
		{C354BD57-DD76-4E08-B8BB-5D3B14B7A690}.Debug|x86.ActiveCfg = Debug|Any CPU
		{C354BD57-DD76-4E08-B8BB-5D3B14B7A690}.Debug|x86.Build.0 = Debug|Any CPU
		{C354BD57-DD76-4E08-B8BB-5D3B14B7A690}.Release|Any CPU.ActiveCfg = Release|Any CPU
		{C354BD57-DD76-4E08-B8BB-5D3B14B7A690}.Release|Any CPU.Build.0 = Release|Any CPU
		{C354BD57-DD76-4E08-B8BB-5D3B14B7A690}.Release|x86.ActiveCfg = Release|Any CPU
		{C354BD57-DD76-4E08-B8BB-5D3B14B7A690}.Release|x86.Build.0 = Release|Any CPU
		{515E8D46-5162-44EB-9462-AC6DC78A663A}.Debug|Any CPU.ActiveCfg = Debug|x86
		{515E8D46-5162-44EB-9462-AC6DC78A663A}.Debug|x86.ActiveCfg = Debug|x86
		{515E8D46-5162-44EB-9462-AC6DC78A663A}.Debug|x86.Build.0 = Debug|x86
		{515E8D46-5162-44EB-9462-AC6DC78A663A}.Release|Any CPU.ActiveCfg = Release|x86
		{515E8D46-5162-44EB-9462-AC6DC78A663A}.Release|x86.ActiveCfg = Release|x86
		{515E8D46-5162-44EB-9462-AC6DC78A663A}.Release|x86.Build.0 = Release|x86
		{B583AE7D-ABE3-460E-92B2-CE2424CB6C0E}.Debug|Any CPU.ActiveCfg = Debug|x86
		{B583AE7D-ABE3-460E-92B2-CE2424CB6C0E}.Debug|x86.ActiveCfg = Debug|x86
		{B583AE7D-ABE3-460E-92B2-CE2424CB6C0E}.Debug|x86.Build.0 = Debug|x86
		{B583AE7D-ABE3-460E-92B2-CE2424CB6C0E}.Release|Any CPU.ActiveCfg = Release|x86
		{B583AE7D-ABE3-460E-92B2-CE2424CB6C0E}.Release|x86.ActiveCfg = Release|x86
		{B583AE7D-ABE3-460E-92B2-CE2424CB6C0E}.Release|x86.Build.0 = Release|x86
		{5F2195B4-8740-4822-9473-160F923DC395}.Debug|Any CPU.ActiveCfg = Debug|Any CPU
		{5F2195B4-8740-4822-9473-160F923DC395}.Debug|Any CPU.Build.0 = Debug|Any CPU
		{5F2195B4-8740-4822-9473-160F923DC395}.Debug|x86.ActiveCfg = Debug|Any CPU
		{5F2195B4-8740-4822-9473-160F923DC395}.Debug|x86.Build.0 = Debug|Any CPU
		{5F2195B4-8740-4822-9473-160F923DC395}.Release|Any CPU.ActiveCfg = Release|Any CPU
		{5F2195B4-8740-4822-9473-160F923DC395}.Release|Any CPU.Build.0 = Release|Any CPU
		{5F2195B4-8740-4822-9473-160F923DC395}.Release|x86.ActiveCfg = Release|Any CPU
		{5F2195B4-8740-4822-9473-160F923DC395}.Release|x86.Build.0 = Release|Any CPU
		{400A9813-5C1B-4041-AF63-B48D69FD60B9}.Debug|Any CPU.ActiveCfg = Debug|Any CPU
		{400A9813-5C1B-4041-AF63-B48D69FD60B9}.Debug|Any CPU.Build.0 = Debug|Any CPU
		{400A9813-5C1B-4041-AF63-B48D69FD60B9}.Debug|x86.ActiveCfg = Debug|Any CPU
		{400A9813-5C1B-4041-AF63-B48D69FD60B9}.Debug|x86.Build.0 = Debug|Any CPU
		{400A9813-5C1B-4041-AF63-B48D69FD60B9}.Release|Any CPU.ActiveCfg = Release|Any CPU
		{400A9813-5C1B-4041-AF63-B48D69FD60B9}.Release|Any CPU.Build.0 = Release|Any CPU
		{400A9813-5C1B-4041-AF63-B48D69FD60B9}.Release|x86.ActiveCfg = Release|Any CPU
		{400A9813-5C1B-4041-AF63-B48D69FD60B9}.Release|x86.Build.0 = Release|Any CPU
	EndGlobalSection
	GlobalSection(SolutionProperties) = preSolution
		HideSolutionNode = FALSE
	EndGlobalSection
EndGlobal
